hash: 7aa475a2ad74e9226f094a647f34a551b2b51ef9058d1aa47134e9799e6279ce
updated: 2018-09-26T15:12:28.422416+03:00
imports:
- name: github.com/caarlos0/env
  version: 7f73d6597823c7a0c39edd46e1998f90692b2add
- name: github.com/go-chi/chi
  version: e83ac2304db3c50cf03d96a2fcd39009d458bc35
  subpackages:
  - middleware
- name: github.com/go-playground/locales
  version: 1e5f1161c6416a5ff48840eb8724a394e48cc534
  subpackages:
  - currency
- name: github.com/go-playground/universal-translator
  version: 71201497bace774495daed26a3874fd339e0b538
- name: github.com/gorilla/handlers
  version: 7e0847f9db758cdebd26c149d0ae9d5d0b9c98ce
- name: github.com/pkg/errors
  version: 645ef00459ed84a119197bfb8d8205042c6df63d
- name: github.com/sirupsen/logrus
  version: d682213848ed68c0a260ca37d6dd5ace8423f5ba
- name: github.com/unrolled/secure
  version: 19a872c81779b0456e9ee495a8162fb60c57b0c0
- name: golang.org/x/crypto
  version: c84b36c635ad003a10f0c755dff5685ceef18c71
  subpackages:
  - ssh/terminal
- name: golang.org/x/net
  version: 0a9397675ba34b2845f758fe3cd68828369c6517
  subpackages:
  - context
- name: golang.org/x/sys
  version: 314a259e304ff91bd6985da2a7149bbf91237993
  subpackages:
  - unix
  - windows
- name: gopkg.in/go-playground/validator.v9
  version: e69e9a28bb62b977fdc58d051f1bb477b7cbe486
- name: gopkg.in/reportportal/commons-go.v5
  version: 4d7a70b2febd231a805e035f3149527b0d0e187b
  subpackages:
  - commons
  - conf
  - server
testImports: []
