        "@types/node": "^24.0.3",
        "@types/react": "^18.3.23",
        "@types/react-dom": "^18.3.7",
        "@types/react-redux": "^7.1.34",
        "@types/redux-form": "^8.3.11",
        "@typescript-eslint/eslint-plugin": "^6.21.0",
        "@typescript-eslint/parser": "^6.21.0",
        "ts-loader": "^9.5.2",
        "typescript": "5.8.3",
      "version": "24.0.3",
      "resolved": "https://registry.npmjs.org/@types/node/-/node-24.0.3.tgz",
      "integrity": "sha512-R4I/kzCYAdRLzfiCabn9hxWfbuHS573x+r0dJMkkzThEa7pbrcDWK+9zu3e7aBOouf+rQAciqPFMnxwr0aWgKg==",
        "undici-types": "~7.8.0"
      "version": "18.3.23",
      "resolved": "https://registry.npmjs.org/@types/react/-/react-18.3.23.tgz",
      "integrity": "sha512-/LDXMQh55EzZQ0uVAZmKKhfENivEvWz6E+EYzh+/MCjMhNsotd+ZHhBGIjFDTi6+fz0OhQQQLbTgdQIxxCsC0w==",
      "license": "MIT",
      "version": "5.8.3",
      "resolved": "https://registry.npmjs.org/typescript/-/typescript-5.8.3.tgz",
      "integrity": "sha512-p1diW6TqL9L07nNxvRMM7hMMw4c5XOo/1ibL4aAIGmSAt9slTE1Xgw5KWuof2uTOvCg9BY7ZRi+GaF+7sfgPeQ==",
      "version": "7.8.0",
      "resolved": "https://registry.npmjs.org/undici-types/-/undici-types-7.8.0.tgz",
      "integrity": "sha512-9UJ2xGDvQ43tYyVMpuHlsgApydB8ZKfVYTsLDhXkFL/6gfkp+U8xTGdh8pMJv1SpZna0zxG1DwsKZsreLbXBxw==",
      "license": "Apache-2.0",
      "license": "MIT",
      "license": "MIT",
      "license": "MIT",
      "license": "MIT",
      "license": "MIT",
      "license": "MIT",
      "license": "MIT",
      "license": "MIT",
      "license": "MIT",
      "license": "MIT",
      "license": "MIT",
      "license": "MIT",
      "license": "MIT",
      "license": "MIT",
      "license": "MIT",
      "license": "MIT",
      "license": "MIT",
      "license": "MIT",
      "license": "MIT",
      "license": "MIT",
      "license": "MIT",
      "license": "MIT",
      "license": "MIT",
      "license": "MIT",
      "license": "MIT",
      "license": "MIT",
      "dev": true,
      "license": "MIT"
      "license": "MIT",
      "license": "MIT",
      "license": "MIT",
      "license": "MIT",
      "license": "MIT",
      "license": "MIT",
      "license": "(MIT OR CC0-1.0)",
      "license": "MIT",
      "license": "MIT",
      "license": "MIT",
      "license": "MIT",
      "license": "MIT"
      "license": "MIT",
      "license": "MIT",
      "license": "MIT",
      "license": "MIT",
      "license": "MIT",
      "license": "MIT",
      "license": "MIT",
      "license": "MIT",
      "license": "MIT",
      "license": "MIT",
      "license": "MIT",
      "dev": true,
      "license": "MIT"
      "license": "MIT"
      "license": "Apache-2.0",
      "dev": true,
      "license": "BSD-3-Clause"
      "license": "MIT",
      "license": "MIT",
      "license": "MIT",
      "license": "ISC",
      "license": "MIT",
      "license": "MIT",
      "license": "MIT",
      "license": "MIT",
      "license": "MIT",
      "license": "MIT",
      "license": "MIT",
      "license": "MIT",
      "license": "MIT",
      "license": "MIT",
      "license": "MIT",
      "license": "MIT",
      "license": "MIT",
      "license": "MIT",
      "license": "MIT",
      "license": "MIT",
      "license": "MIT",
      "license": "MIT",
      "license": "MIT",
      "license": "MIT",
      "license": "MIT",
      "license": "MIT",
      "license": "MIT",
      "license": "MIT",
      "license": "MIT",
      "license": "MIT",
      "license": "MIT",
      "license": "MIT",
      "license": "MIT",
      "license": "MIT",
      "license": "MIT",
      "license": "MIT",
      "license": "MIT",
      "license": "MIT",
      "license": "MIT",
      "license": "MIT",
      "license": "MIT",
      "license": "MIT",
      "license": "MIT",
      "license": "MIT",
      "license": "MIT",
      "license": "MIT",
      "license": "MIT",
      "license": "MIT",
      "license": "MIT",
      "license": "MIT",
      "license": "MIT",
      "license": "MIT",
      "license": "MIT",
      "license": "MIT",
      "license": "MIT",
      "license": "MIT",
      "dev": true,
      "license": "MIT"
      "license": "MIT",
      "dev": true,
      "license": "MIT"
      "license": "MIT",
      "license": "MIT",
      "license": "MIT",
      "license": "MIT",
      "license": "MIT"
      "license": "MIT",
      "license": "MIT",
      "license": "MIT",
      "license": "MIT",
      "license": "MIT",
    "node_modules/@parcel/watcher-linux-x64-glibc": {
      "license": "MIT",
        "linux"
    "node_modules/@parcel/watcher-linux-x64-musl": {
      "license": "MIT",
    "node_modules/@parcel/watcher/node_modules/detect-libc": {
      "version": "1.0.3",
      "license": "Apache-2.0",
      "bin": {
        "detect-libc": "bin/detect-libc.js"
      "engines": {
        "node": ">=0.10"
    "node_modules/@pmmmwh/react-refresh-webpack-plugin": {
      "version": "0.5.15",
      "license": "MIT",
      "dependencies": {
        "ansi-html": "^0.0.9",
        "core-js-pure": "^3.23.3",
        "error-stack-parser": "^2.0.6",
        "html-entities": "^2.1.0",
        "loader-utils": "^2.0.4",
        "schema-utils": "^4.2.0",
        "source-map": "^0.7.3"
      },
        "node": ">= 10.13"
      "license": "MIT",
      "license": "MIT"
      "license": "MIT"
      "license": "MIT"
      "license": "Apache-2.0",
      "license": "MIT"
      "license": "MIT",
      "license": "MIT",
      "license": "MIT",
      "license": "MIT",
      "license": "MIT",
      "license": "MIT",
      "license": "MIT"
      "license": "MIT",
      "dev": true,
      "license": "MIT"
      "license": "BSD-3-Clause",
      "license": "BSD-3-Clause",
      "license": "MIT",
      "license": "Apache-2.0",
      "license": "Apache-2.0",
      "license": "Apache-2.0",
      "license": "Apache-2.0",
      "license": "Apache-2.0",
      "license": "MIT",
      "license": "ISC",
      "license": "MIT",
      "license": "MIT",
      "license": "MIT",
      "license": "MIT",
      "license": "MIT",
      "license": "MIT",
      "license": "MIT",
      "license": "MIT",
      "license": "MIT",
      "license": "MIT",
      "license": "MIT",
      "license": "MIT",
      "license": "MIT",
      "license": "MIT",
      "license": "MIT"
      "license": "MIT",
      "license": "MIT",
      "dev": true,
      "license": "MIT"
      "dev": true,
      "license": "MIT"
      "dev": true,
      "license": "MIT"
      "license": "MIT",
      "license": "MIT",
      "license": "MIT",
      "dev": true,
      "license": "MIT"
      "dev": true,
      "license": "MIT"
      "dev": true,
      "license": "MIT"
      "dev": true,
      "license": "MIT"
      "license": "MIT",
      "dev": true,
      "license": "MIT"
      "license": "MIT"
      "dev": true,
      "license": "MIT"
      "dev": true,
      "license": "MIT"
      "license": "MIT",
      "license": "MIT",
      "license": "MIT",
      "license": "MIT",
      "dev": true,
      "license": "MIT"
      "dev": true,
      "license": "MIT"
      "dev": true,
      "license": "MIT"
      "license": "MIT"
      "license": "MIT"
      "license": "MIT",
      "license": "MIT",
      "dev": true,
      "license": "MIT"
      "license": "Apache-2.0",
      "license": "MIT",
      "license": "MIT",
      "license": "MIT",
      "license": "MIT",
      "dev": true,
      "license": "BSD-3-Clause"
      "dev": true,
      "license": "ISC"
      "license": "MIT",
      "license": "MIT",
      "license": "MIT",
      "license": "MIT",
      "license": "MIT"
      "license": "Apache-2.0",
      "license": "MIT",
      "license": "MIT",
      "license": "MIT",
      "license": "MIT",
      "license": "MIT",
      "license": "MIT",
      "dev": true,
      "license": "MIT"
      "license": "MIT",
      "license": "MIT",
      "license": "MIT",
      "license": "Apache-2.0",
      "license": "MIT",
      "license": "MIT",
      "license": "MIT",
      "license": "ISC",
      "license": "MIT",
      "dev": true,
      "license": "MIT"
      "license": "MIT",
      "license": "MIT",
      "license": "MIT",
      "license": "MIT",
      "license": "MIT",
      "license": "MIT",
      "dev": true,
      "license": "MIT"
      "dev": true,
      "license": "MIT"
      "license": "MIT",
      "dev": true,
      "license": "MIT"
      "license": "MIT",
      "dev": true,
      "license": "MIT"
      "license": "MIT"
      "license": "MIT",
      "hasInstallScript": true,
      "license": "MIT"
      "license": "MIT",
      "license": "MIT",
      "license": "MIT",
      "license": "MIT",
      "license": "MIT",
      "license": "MIT",
      "license": "MIT",
      "license": "MIT",
      "license": "MIT",
      "license": "MIT",
      "license": "MIT",
      "license": "MIT",
      "license": "MIT",
      "license": "BSD-3-Clause",
      "license": "BSD-3-Clause",
      "license": "MIT",
      "license": "MIT",
      "license": "BSD-3-Clause",
      "license": "MIT",
      "license": "MIT",
      "license": "MIT"
      ],
      "license": "MIT"
      "dev": true,
      "license": "MIT"
      "license": "MIT",
      "license": "MIT",
      "license": "MIT",
      "dev": true,
      "license": "ISC"
      "license": "MIT",
      "license": "MIT",
      "license": "Apache-2.0",
      "license": "MIT",
      "dev": true,
      "license": "MIT"
      "license": "MIT",
      "license": "MIT",
      "license": "MIT"
      "license": "BSD-3-Clause",
      "license": "BSD-3-Clause"
      "license": "BSD-3-Clause"
      "license": "BSD-3-Clause",
      "license": "BSD-3-Clause",
      "license": "BSD-3-Clause"
      "license": "BSD-3-Clause",
      "license": "BSD-3-Clause"
      "license": "BSD-3-Clause",
      "license": "BSD-3-Clause",
      "license": "BSD-3-Clause"
      "license": "BSD-3-Clause",
      "license": "BSD-3-Clause",
      "license": "BSD-3-Clause"
      "license": "BSD-3-Clause",
      "license": "BSD-3-Clause"
      "license": "BSD-3-Clause",
      "license": "BSD-3-Clause"
      "license": "BSD-3-Clause"
      "license": "BSD-3-Clause"
      "license": "BSD-3-Clause"
      "license": "BSD-3-Clause",
      "license": "BSD-3-Clause",
      "license": "BSD-3-Clause",
      "license": "BSD-3-Clause"
      "license": "BSD-3-Clause",
      "license": "BSD-3-Clause"
      "license": "BSD-3-Clause",
      "license": "BSD-3-Clause",
      "license": "MIT",
      "license": "MIT",
      "license": "MIT",
      "license": "ISC",
      "license": "MIT",
      "license": "MIT",
      "license": "MIT",
      "license": "MIT",
      "license": "MIT",
      "license": "MIT",
      "license": "MIT",
      "license": "MIT",
      "license": "MIT",
      "license": "MIT",
      "license": "MIT",
      "license": "MIT",
      "license": "BSD-3-Clause",
      "license": "MIT",
      "license": "MIT",
      "license": "MIT",
      "license": "MIT",
      "license": "MIT",
      "license": "BSD-2-Clause",
      "license": "MIT",
      "license": "MIT",
      "license": "ISC",
      "dev": true,
      "license": "MIT"
      "license": "MIT"
      "license": "MIT",
      "license": "BSD-3-Clause",
      "license": "MIT",
      "license": "MIT",
      "license": "MIT",
      "dev": true,
      "license": "MIT"
      "license": "MIT",
      "license": "MIT",
      "license": "MIT",
      "license": "ISC",
      "license": "MIT",
      "license": "MIT",
      "dev": true,
      "license": "MIT"
      "license": "MIT",
      "license": "MIT",
      "license": "MIT",
      "license": "MIT",
      "license": "MIT",
      "license": "MIT",
      "license": "MIT",
      "license": "MIT"
      "license": "MIT",
      "dev": true,
      "license": "MIT"
      "license": "MIT",
      "license": "MIT",
      "license": "MIT"
      "license": "MIT"
      "license": "MIT",
      "dev": true,
      "license": "MIT"
      "dev": true,
      "license": "MIT"
      "license": "MIT",
      "license": "MIT",
      "license": "MIT",
      "license": "MIT",
      "dev": true,
      "license": "MIT"
      "license": "MIT",
      "license": "MIT",
      "license": "MIT",
      "license": "MIT",
      "dev": true,
      "license": "MIT"
      "license": "MIT",
      "license": "MIT",
      "dev": true,
      "license": "MIT"
      "dev": true,
      "license": "MIT"
      "license": "MIT"
      "dev": true,
      "license": "MIT"
      "dev": true,
      "license": "MIT"
      "license": "MIT",
      "license": "MIT",
      "dev": true,
      "license": "MIT"
      "license": "MIT",
      "license": "MIT",
      "license": "MIT",
      "dev": true,
      "license": "MIT"
      "license": "MIT",
      "license": "MIT",
      "license": "MIT",
      "license": "MIT",
      "license": "MIT",
      "license": "MIT",
      "license": "MIT",
      "license": "MIT",
      "license": "MIT",
      "license": "MIT",
      "license": "BSD-3-Clause",
      "license": "ISC",
      "license": "ISC",
      "license": "MIT",
      "license": "MIT",
      "license": "MIT",
      "license": "ISC",
      "license": "MIT",
      "license": "MIT",
      "license": "MIT",
      "license": "MIT",
      "license": "MIT",
      "dev": true,
      "license": "MIT"
      "license": "MIT",
      "license": "MIT",
      "license": "BSD-2-Clause",
      "license": "MIT",
      "license": "BSD-2-Clause",
      "license": "MIT"
      "license": "MIT",
      "license": "MIT",
      "license": "MIT",
      "license": "MIT",
      "license": "MIT",
      "license": "MIT",
      "license": "MIT",
      "license": "MIT",
      "dev": true,
      "license": "CC0-1.0"
      "dev": true,
      "license": "MIT"
      "license": "MIT",
      "dev": true,
      "license": "MIT"
      "license": "MIT"
      "license": "ISC",
      "license": "ISC",
      "license": "ISC",
      "license": "ISC",
      "license": "ISC",
      "license": "ISC",
      "license": "BSD-3-Clause"
      "license": "ISC",
      "license": "ISC",
      "license": "ISC",
      "license": "ISC",
      "license": "ISC",
      "license": "ISC",
      "license": "ISC",
      "license": "MIT",
      "license": "BSD-3-Clause",
      "license": "ISC",
      "license": "ISC",
      "license": "ISC",
      "license": "ISC",
      "license": "ISC",
      "license": "ISC",
      "license": "ISC",
      "license": "ISC",
      "license": "ISC",
      "license": "ISC",
      "license": "ISC",
      "license": "ISC",
      "license": "BSD-3-Clause"
      "license": "ISC",
      "license": "ISC",
      "license": "ISC",
      "license": "ISC",
      "license": "ISC",
      "license": "BSD-3-Clause"
      "license": "ISC",
      "license": "ISC",
      "license": "ISC",
      "dev": true,
      "license": "BSD-2-Clause"
      "license": "MIT",
      "license": "MIT",
      "license": "MIT",
      "dev": true,
      "license": "MIT"
      "license": "MIT",
      "license": "MIT",
      "license": "MIT",
      "license": "public domain"
      "dev": true,
      "license": "MIT"
      "license": "MIT",
      "license": "MIT",
      "license": "MIT",
      "license": "MIT",
      "license": "ISC",
      "license": "MIT",
      "license": "MIT",
      "dev": true,
      "license": "MIT"
      "license": "MIT",
      "dev": true,
      "license": "MIT"
      "license": "MIT",
      "license": "MIT",
      "license": "Apache-2.0",
      "license": "MIT",
      "license": "MIT",
      "license": "MIT",
      "license": "MIT",
      "version": "0.1.2"
      ],
      "license": "BSD-2-Clause"
      "license": "MIT",
      "license": "BSD-2-Clause",
      "license": "(MPL-2.0 OR Apache-2.0)",
      "license": "MIT",
      "license": "BSD-2-Clause",
      "license": "MIT",
      "license": "MIT"
      "license": "MIT",
      "license": "MIT",
      "license": "MIT",
      "dev": true,
      "license": "MIT"
      "license": "MIT",
      "dev": true,
      "license": "MIT"
      "license": "MIT",
      "license": "MIT",
      "license": "BSD-2-Clause",
      "license": "MIT",
      "license": "MIT",
      "license": "MIT",
      "license": "MIT",
      "license": "MIT",
      "license": "MIT",
      "dev": true,
      "license": "MIT"
      "license": "MIT",
      "dev": true,
      "license": "MIT"
      "license": "MIT",
      "license": "MIT",
      "license": "MIT"
      "dev": true,
      "license": "MIT"
      "license": "MIT",
      "license": "BSD-2-Clause",
      "license": "BSD-3-Clause",
      "license": "MIT",
      "license": "MIT",
      "license": "MIT",
      "license": "MIT",
      "license": "MIT",
      "license": "ISC",
      "license": "MIT",
      "license": "MIT",
      "license": "MIT",
      "license": "MIT",
      "license": "MIT",
      "license": "MIT",
      "license": "MIT",
      "license": "MIT",
      "license": "MIT",
      "license": "MIT",
      "license": "MIT",
      "license": "MIT",
      "license": "MIT",
      "dev": true,
      "license": "MIT"
      "dev": true,
      "license": "MIT"
      "license": "MIT",
      "license": "Apache-2.0",
      "license": "MIT",
      "license": "MIT",
      "license": "BSD-2-Clause",
      "license": "BSD-2-Clause",
      "license": "MIT",
      "license": "Apache-2.0",
      "license": "MIT",
      "license": "MIT",
      "license": "MIT",
      "license": "MIT",
      "license": "MIT",
      "license": "Apache-2.0",
      "license": "MIT",
      "license": "MIT",
      "license": "ISC",
      "license": "MIT",
      "license": "(MIT OR CC0-1.0)",
      "license": "BSD-2-Clause",
      "license": "BSD-2-Clause",
      "license": "BSD-3-Clause",
      "license": "BSD-2-Clause",
      "license": "BSD-2-Clause",
      "license": "BSD-2-Clause",
      "license": "MIT",
      "license": "MIT",
      "license": "MIT",
      "license": "MIT",
      "license": "ISC",
      "license": "MIT",
      "license": "MIT",
      "license": "ISC",
      "license": "MIT",
      "dev": true,
      "license": "MIT"
      "license": "MIT"
      "dev": true,
      "license": "Apache-2.0"
      "license": "MIT",
      "dev": true,
      "license": "MIT"
      "dev": true,
      "license": "MIT"
      "dev": true,
      "license": "MIT"
      "license": "MIT",
      "license": "ISC",
      "license": "MIT",
      "license": "Apache-2.0",
      "license": "Apache-2.0",
      "dev": true,
      "license": "MIT"
      "license": "MIT"
      "license": "MIT",
      "license": "MIT",
      "license": "MIT",
      "license": "MIT",
      "dev": true,
      "license": "MIT"
      "license": "BSD-3-Clause",
      "license": "MIT",
      "license": "ISC",
      "dev": true,
      "license": "ISC"
      "dev": true,
      "license": "MIT"
      "license": "MIT",
      "license": "MIT",
      "license": "ISC",
      "license": "MIT",
      "license": "MIT",
      ],
      "license": "MIT"
      "license": "MIT",
      "license": "ISC"
      "license": "MIT",
      "dev": true,
      "license": "MIT"
      "license": "MIT",
      "license": "MIT",
      "license": "ISC",
      "license": "MIT"
      "dev": true,
      "license": "ISC"
      "license": "MIT",
      "license": "MIT",
      "license": "ISC",
      "license": "ISC",
      "dev": true,
      "license": "BSD-2-Clause"
      "license": "MIT",
      "license": "MIT",
      "license": "MIT",
      "license": "ISC",
      "license": "MIT",
      "license": "MIT",
      "dev": true,
      "license": "MIT"
      "dev": true,
      "license": "ISC"
      "dev": true,
      "license": "MIT"
      "license": "MIT"
      "dev": true,
      "license": "MIT"
      "dev": true,
      "license": "(Apache-2.0 OR MPL-1.1)"
      "license": "MIT",
      "license": "MIT",
      "license": "MIT",
      "license": "MIT",
      "license": "MIT",
      "license": "MIT",
      "license": "MIT",
      "license": "MIT",
      "license": "(MIT OR CC0-1.0)",
      "license": "MIT",
      "license": "MIT",
      "license": "MIT",
      "license": "MIT",
      "license": "MIT"
      "license": "BSD-3-Clause",
      "license": "MIT",
      "license": "BSD-3-Clause",
      "license": "MIT"
      "license": "MIT",
      "license": "MIT",
      "license": "MIT",
      "license": "MIT",
      ],
      "license": "MIT"
      "dev": true,
      "license": "MIT"
      "license": "MIT",
      "license": "MIT",
      "license": "MIT",
      "license": "MIT",
      "license": "MIT",
      "dev": true,
      "license": "MIT"
      "dev": true,
      "license": "MIT"
      "license": "MIT",
      "license": "MIT",
      "license": "Apache-2.0",
      "license": "MIT",
      "license": "MIT",
      "license": "MIT",
      "license": "MIT",
      "license": "MIT",
      "license": "MIT",
      "license": "MIT",
      "license": "ISC",
      "license": "MIT",
      ],
      "license": "BSD-3-Clause"
      "license": "MIT",
      "license": "MIT",
      "license": "MIT",
      "license": "MIT",
      "license": "MIT",
      "license": "MIT",
      "license": "MIT",
      "license": "MIT",
      "license": "MIT",
      "license": "MIT",
      "license": "MIT",
      "license": "MIT",
      "version": "2.0.0"
      "license": "ISC",
      "license": "ISC"
      "dev": true,
      "license": "ISC"
      "license": "ISC",
      "license": "MIT",
      "license": "MIT"
      "license": "BSD-3-Clause"
      "license": "BSD-3-Clause",
      "license": "BSD-3-Clause",
      "license": "MIT",
      "license": "MIT",
      "license": "MIT",
      "license": "MIT",
      "license": "MIT",
      "dev": true,
      "license": "MIT"
      "license": "MIT",
      "dev": true,
      "license": "MIT"
      "license": "MIT",
      "license": "MIT",
      "license": "MIT",
      "license": "MIT",
      "license": "MIT",
      "license": "MIT",
      "license": "MIT"
      "license": "MIT",
      "license": "MIT",
      "license": "MIT",
      "license": "MIT",
      "license": "MIT",
      "license": "MIT",
      "license": "MIT",
      "license": "MIT",
      "license": "MIT",
      "license": "MIT",
      "dev": true,
      "license": "MIT"
      "license": "MIT"
      "license": "MIT",
      "license": "MIT",
      "dev": true,
      "license": "MIT"
      "dev": true,
      "license": "MIT"
      "license": "MIT",
      "license": "MIT",
      "dev": true,
      "license": "MIT"
      "dev": true,
      "license": "ISC"
      "license": "MIT",
      "license": "BSD-3-Clause",
      "license": "BSD-3-Clause",
      "license": "BSD-3-Clause",
      "license": "ISC",
      "license": "ISC",
      "license": "MIT",
      "license": "ISC",
      "license": "MIT",
      "license": "BSD-3-Clause",
      "license": "MIT",
      "license": "MIT",
      "license": "ISC",
      "license": "MIT",
      "license": "BSD-3-Clause",
      "license": "BSD-3-Clause",
      "license": "BSD-3-Clause",
      "license": "MIT",
      "license": "MIT",
      "license": "MIT",
      "license": "MIT",
      "license": "MIT",
      "license": "MIT",
      "license": "MIT",
      "license": "MIT",
      "license": "MIT",
      "license": "MIT",
      "license": "MIT",
      "license": "MIT",
      "license": "MIT",
      "license": "MIT",
      "license": "MIT",
      "license": "MIT",
      "license": "MIT",
      "license": "MIT",
      "license": "MIT",
      "license": "MIT",
      "license": "MIT",
      "license": "MIT",
      "license": "MIT",
      "license": "MIT",
      "license": "MIT",
      "license": "MIT",
      "license": "MIT",
      "license": "MIT",
      "license": "MIT",
      "license": "MIT",
      "license": "MIT",
      "license": "MIT",
      "license": "MIT",
      "license": "MIT",
      "license": "MIT",
      "license": "MIT",
      "license": "MIT",
      "license": "MIT",
      "license": "MIT",
      "license": "MIT",
      "license": "MIT",
      "license": "MIT",
      "license": "MIT",
      "license": "MIT",
      "license": "MIT",
      "license": "MIT",
      "license": "MIT",
      "license": "MIT",
      "license": "MIT",
      "license": "MIT",
      "license": "MIT",
      "license": "MIT",
      "license": "MIT",
      "license": "MIT",
      "license": "MIT",
      "license": "MIT",
      "license": "MIT",
      "license": "MIT",
      "license": "MIT",
      "license": "MIT",
      "license": "MIT",
      "license": "MIT",
      "license": "MIT",
      "license": "MIT",
      "license": "MIT",
      "license": "MIT",
      "license": "MIT",
      "license": "MIT",
      "license": "MIT",
      "license": "MIT",
      "license": "MIT",
      "license": "MIT",
      "license": "MIT",
      "license": "MIT",
      "license": "BSD-3-Clause",
      "license": "MIT",
      "license": "MIT",
      "license": "MIT",
      "license": "MIT",
      "license": "MIT",
      "license": "MIT",
      "license": "MIT",
      "license": "MIT",
      "license": "MIT",
      "license": "MIT",
      "license": "MIT",
      "license": "MIT",
      "license": "MIT",
      "license": "MIT",
      "license": "MIT",
      "license": "ISC",
      "license": "MIT",
      "license": "MIT",
      "license": "MIT",
      "license": "MIT",
      "license": "MIT",
      "license": "MIT",
      "license": "MIT",
      "license": "MIT",
      "license": "MIT",
      "license": "MIT",
      "license": "MIT",
      "license": "MIT",
      "license": "MIT",
      "license": "MIT",
      "license": "MIT",
      "license": "MIT",
      "license": "MIT",
      "license": "MIT",
      "license": "MIT",
      "license": "MIT",
      "license": "MIT",
      "license": "MIT",
      "license": "MIT",
      "license": "MIT",
      "license": "MIT",
      "license": "MIT"
      "license": "MIT"
      "license": "MIT"
      "license": "MIT",
      "license": "MIT",
      "license": "MIT",
      "dev": true,
      "license": "MIT"
      "dev": true,
      "license": "MIT"
      "dev": true,
      "license": "MIT"
      "dev": true,
      "license": "MIT"
      "license": "MIT",
      "dev": true,
      "license": "MIT"
      "license": "MIT",
      "license": "MIT",
      "license": "Public Domain",
      "license": "MIT",
      "license": "MIT"
      "license": "MIT",
      "license": "MIT",
      "license": "MIT",
      "dev": true,
      "license": "MIT"
      "dev": true,
      "license": "CC0-1.0"
      "license": "MIT",
      "license": "MIT",
      "license": "MIT",
      "license": "MIT",
      "license": "MIT",
      "dev": true,
      "license": "SEE LICENSE IN LICENSE.md"
      "license": "MIT",
      "dev": true,
      "license": "MIT"
      "license": "MIT",
      "dev": true,
      "license": "MIT"
      "dev": true,
      "license": "MIT"
      "license": "MIT",
      "license": "MIT",
      "license": "MIT",
      "license": "MIT",
      "license": "MIT",
      "license": "MIT",
      "license": "MIT",
      "license": "MIT",
      "license": "MIT",
      "license": "MIT",
      "license": "MIT",
      "license": "MIT",
      "license": "ISC",
      "license": "MIT",
      "license": "MIT",
      "license": "MIT",
      "license": "MIT",
      "license": "MIT",
      "license": "MIT",
      "license": "MIT",
      "license": "MIT",
      "license": "MIT",
      "license": "MIT",
      "dev": true,
      "license": "MIT"
      "license": "MIT",
      "license": "MIT",
      "license": "MIT",
      "license": "MIT",
      "license": "MIT",
      "license": "MIT",
      "license": "MIT",
      "license": "MIT"
      "license": "MIT"
      "dev": true,
      "license": "MIT"
      "license": "MIT"
      "dev": true,
      "license": "MIT"
      "dev": true,
      "license": "MIT"
      "dev": true,
      "license": "MIT"
      "dev": true,
      "license": "MIT"
      "license": "MIT"
      "license": "MIT"
      "dev": true,
      "license": "MIT"
      "dev": true,
      "license": "MIT"
      "license": "MIT"
      "dev": true,
      "license": "MIT"
      "dev": true,
      "license": "MIT"
      "license": "MIT",
      "license": "MIT",
      "license": "MIT",
      "license": "MIT",
      "license": "MIT",
      "license": "MIT",
      "license": "MIT",
      "license": "ISC",
      "license": "Apache-2.0",
      "license": "BSD-3-Clause",
      "license": "MIT",
      "license": "MIT",
      "license": "ISC"
      "license": "MIT",
      "license": "BSD-3-Clause",
      "dev": true,
      "license": "CC0-1.0"
      "dev": true,
      "license": "MIT"
      "dev": true,
      "license": "MIT"
      "license": "MIT",
      "license": "MIT",
      "license": "MIT",
      "license": "MIT",
      "license": "MIT",
      "license": "MIT",
      "dev": true,
      "license": "MIT"
      "license": "MIT",
      "license": "MIT",
      "dev": true,
      "license": "ISC"
      "license": "ISC",
      "license": "MIT",
      "license": "MIT",
      "dev": true,
      "license": "BSD-3-Clause"
      "license": "Apache-2.0",
      "license": "MIT",
      "license": "Apache-2.0",
      "dev": true,
      "license": "MIT"
      "license": "MIT",
      "dev": true,
      "license": "MIT"
      "license": "MIT",
      "dev": true,
      "license": "MIT"
      "dev": true,
      "license": "MIT"
      "license": "MIT",
      "license": "MIT",
      "license": "Apache-2.0",
      "license": "ISC",
      "license": "(BSD-3-Clause OR GPL-2.0)",
      "dev": true,
      "license": "MIT"
      "license": "MIT",
      "license": "ISC",
      "license": "MIT",
      "license": "MIT",
      "dev": true,
      "license": "MIT"
      "license": "MIT",
      "license": "MIT",
      "license": "MIT",
      "license": "MIT",
      "license": "BSD-2-Clause",
      "license": "MIT",
      "dev": true,
      "license": "MIT"
      "license": "ISC",
      "license": "MIT",
      "license": "ISC",
      "license": "MIT",
      "dev": true,
      "license": "MIT"
      "dev": true,
      "license": "MIT"
      "license": "MIT",
      "license": "MIT",
      "license": "MIT",
      "license": "BSD-3-Clause",
      "license": "MIT",
      "license": "MIT",
      "license": "MIT",
      "license": "MIT",
      "license": "MIT",
      "license": "MIT",
      "license": "MIT",
      "license": "ISC",
      "license": "MIT",
      "license": "MIT",
      "dev": true,
      "license": "ISC"
      "license": "MIT",
      "license": "ISC",
      "license": "MIT",
      "license": "MIT",
      "license": "MIT",
      "license": "MIT",
      "license": "MIT",
      "license": "MIT",
      "license": "MIT",
      "dev": true,
      "license": "MIT"
      "license": "MIT",
      "license": "ISC",
      "license": "MIT",
      "license": "MIT",
      "license": "MIT",
      "license": "MIT",
      "license": "MIT",
      "license": "MIT",
      "license": "MIT",
      "license": "MIT",
      "license": "ISC",
      "license": "MIT",
      "license": "MIT",
      "license": "MIT",
      "license": "MIT",
      "license": "MIT",
      "license": "MIT",
      "license": "MIT",
      "license": "MIT",
      "license": "MIT",
      "license": "MIT"
      "license": "MIT",
      "license": "MIT",
      "license": "MIT",
      "dev": true,
      "license": "MIT"
      "license": "MIT",
      "license": "MIT"
      "license": "MIT",
      "license": "MIT",
      "license": "MIT"
      "dev": true,
      "license": "ISC"
      "license": "MIT",
      "license": "MIT",
      "license": "MIT",
      "license": "Apache-2.0",
      "license": "MIT",
      "license": "MIT",
      "license": "MIT",
      "license": "MIT",
      "license": "MIT",
      "license": "MIT",
      "license": "MIT",
      "license": "MIT",
      "license": "MIT",
      "license": "MIT",
      "dev": true,
      "license": "Python-2.0"
      "license": "MIT",
      "license": "MIT",
      "license": "MIT",
      "license": "ISC",
      "license": "MIT",
      "license": "MIT",
      "license": "MIT",
      "license": "MIT",
      "license": "MIT",
      "license": "MIT",
      "license": "ISC",
      "license": "MIT",
      "license": "ISC",
      "license": "ISC",
      "license": "MIT",
      "license": "MIT",
      "license": "MIT",
      "license": "MIT",
      "license": "MIT",
      "license": "MIT",
      "license": "MIT",
      "license": "MIT",
      "license": "MIT",
      "license": "MIT",
      "license": "MIT",
      "license": "MIT",
      "dev": true,
      "license": "MIT"
      "license": "MIT",
      "license": "MIT",
      "license": "MIT",
      "dev": true,
      "license": "MIT"
      "license": "MIT"
      "license": "MIT",
      "license": "MIT",
      "license": "MIT",
      "license": "MIT",
      "license": "MIT",
      "license": "MIT",
      "license": "MIT",
      "license": "MIT",
      "dev": true,
      "license": "MIT"
      "license": "MIT",
      "license": "MIT",
      "license": "MIT",
      "license": "MIT",
      "license": "MIT",
      "license": "MIT"
      "license": "MIT",
      "license": "MIT"
      "dev": true,
      "license": "MIT"
      "license": "MIT",
      ],
      "license": "MIT"
      "license": "MIT",
      "license": "MIT",
      "license": "MIT",
      "license": "BSD-3-Clause",
      "license": "MIT",
      "license": "MIT"
      ],
      "license": "MIT"
      "license": "MIT",
      "dev": true,
      "license": "CC0-1.0"
      "license": "MIT",
      "license": "MIT",
      "license": "MIT",
      "license": "MIT",
      "license": "MIT",
      "license": "MIT",
      "license": "MIT",
      "license": "MIT",
      "license": "MIT",
      "license": "MIT",
      "license": "MIT",
      "license": "MIT",
      "license": "MIT"
      "license": "MIT",
      "license": "MIT",
      "license": "MIT",
      "license": "MIT",
      "license": "MIT",
      "license": "MIT",
      "license": "MIT",
      "license": "MIT",
      "license": "ISC"
      "dev": true,
      "license": "MIT"
      "license": "MIT"
      "license": "MIT",
      "license": "MIT",
      "license": "MIT",
      "license": "MIT",
      "license": "BSD-3-Clause",
      "license": "MIT",
      "license": "MIT"
      "license": "MIT",
      "license": "MIT",
      "license": "MIT",
      "license": "MIT",
      "license": "MIT"
      "license": "MIT",
      "license": "MIT",
      "license": "MIT",
        "prismjs": "^1.27.0",
      "license": "Apache-2.0",
      "license": "MIT",
      "license": "MIT",
      "license": "MIT",
      "license": "MIT",
      "license": "MIT",
      "dev": true,
      "license": "ISC"
      "license": "MIT",
      "license": "BSD-2-Clause",
      "license": "MIT",
      "license": "MIT",
      "license": "MIT",
      "license": "MIT",
      "license": "MIT",
      "license": "MIT",
      "license": "MIT",
      "license": "ISC",
      "dev": true,
      "license": "ISC"
      "license": "BSD-2-Clause",
      "license": "MIT",
      "license": "ISC",
      "license": "(MIT OR CC0-1.0)",
      "license": "MIT",
      "dev": true,
      "license": "MIT"
      "dev": true,
      "license": "MIT"
      "license": "MIT",
      "license": "MIT",
      "license": "BSD"
      "license": "MIT",
      "license": "MIT",
      "license": "MIT",
      "license": "MIT",
        "path-to-regexp": "^1.7.0",
      "license": "MIT",
      "license": "MIT"
      "license": "BSD-3-Clause",
      "license": "MIT"
      "license": "MIT",
      "license": "MIT",
      "license": "MIT",
      "license": "MIT",
      "license": "ISC",
      "license": "MIT",
      "license": "MIT",
      "license": "BSD-2-Clause",
      "license": "MIT",
      "license": "BSD-2-Clause",
      "license": "BSD-2-Clause",
      "license": "BSD-2-Clause",
      "license": "MIT",
      "license": "MIT",
      "license": "MIT",
      "license": "MIT",
      "dev": true,
      "license": "ISC"
      "license": "MIT"
      "license": "MIT"
      "license": "Unlicense"
      "license": "MIT"
      "license": "MIT",
      "license": "MIT",
      "license": "MIT",
      "license": "MIT",
      "license": "MIT"
      "license": "MIT",
      "license": "MIT",
      "license": "MIT",
      "license": "MIT",
      "license": "Unlicense"
      "license": "BSD-3-Clause",
      "license": "MIT",
      "license": "MIT",
      "license": "MIT",
      "license": "MIT",
      "license": "MIT",
      "license": "BSD-3-Clause"
      "license": "Apache-2.0",
      "dev": true,
      "license": "0BSD"
      ],
      "license": "MIT"
      "license": "MIT",
      "license": "MIT"
      "license": "MIT",
      "license": "MIT",
      "license": "MIT",
      "license": "MIT",
      "license": "MIT",
      "license": "MIT",
      "license": "MIT",
      "license": "MIT",
      "license": "ISC",
      "license": "MIT",
      "license": "MIT",
      "dev": true,
      "license": "MIT"
      "license": "MIT",
      "license": "ISC",
      "dev": true,
      "license": "MIT"
      "license": "MIT",
      "license": "MIT",
      "license": "(MIT OR CC0-1.0)",
      "license": "BSD-3-Clause",
      "license": "MIT",
      "license": "MIT",
      "license": "MIT",
      "license": "MIT",
      "dev": true,
      "license": "ISC"
      "dev": true,
      "license": "MIT"
      "dev": true,
      "license": "ISC"
      "license": "MIT",
      "dev": true,
      "license": "ISC"
      "license": "MIT",
      "license": "MIT",
      "license": "(MIT AND BSD-3-Clause)",
      "license": "MIT",
      "license": "MIT",
      "license": "MIT",
      "dev": true,
      "license": "MIT"
      "dev": true,
      "license": "MIT"
      "dev": true,
      "license": "ISC"
      "dev": true,
      "license": "MIT"
      "license": "MIT",
      "license": "MIT"
      "license": "MIT",
      "dev": true,
      "license": "MIT"
      "license": "MIT",
      "license": "BSD-2-Clause",
      "license": "MIT",
      "license": "MIT",
      "license": "MIT",
      "license": "MIT",
      "license": "MIT",
      "license": "MIT",
      "license": "MIT",
      "license": "MIT",
      "license": "MIT",
      "license": "MIT",
      "license": "MIT",
      "dev": true,
      "license": "MIT"
      "license": "ISC",
      "license": "MIT",
      "license": "MIT",
      "license": "BSD-3-Clause",
      "license": "BSD-3-Clause",
      "dev": true,
      "license": "MIT"
      "license": "ISC",
      "license": "MIT",
      "license": "ISC",
      "license": "ISC",
      "license": "MIT",
      "license": "ISC",
      "license": "ISC",
      "dev": true,
      "license": "MIT"
      "license": "ISC",
      "license": "MIT",
      "license": "MIT",
      "license": "BSD-3-Clause",
      "license": "MIT",
      "license": "BSD-3-Clause",
      "license": "MIT",
      "license": "MIT",
      "license": "MIT",
      "license": "MIT",
      "license": "MIT",
      "license": "BSD-3-Clause",
      "license": "BSD-3-Clause",
      "license": "MIT",
      "license": "BSD-3-Clause",
      "license": "MIT",
      "license": "ISC",
      "license": "MIT",
      "license": "ISC",
      "license": "Apache-2.0",
      "dev": true,
      "license": "CC-BY-3.0"
      "license": "MIT",
      "dev": true,
      "license": "CC0-1.0"
      "license": "MIT",
      "license": "MIT",
      "license": "MIT",
      "license": "BSD-3-Clause"
      "license": "MIT",
      "license": "MIT",
      "license": "MIT",
      "dev": true,
      "license": "MIT"
      "license": "MIT",
      "license": "MIT",
      "license": "MIT",
      "license": "MIT",
      "license": "MIT",
      "license": "MIT",
      "license": "MIT",
      "license": "MIT",
      "license": "BSD-2-Clause",
      "license": "MIT",
      "license": "MIT",
      "license": "MIT",
      "license": "MIT",
      "license": "MIT",
      "dev": true,
      "license": "ISC"
      "license": "MIT",
      "license": "MIT",
      "dev": true,
      "license": "MIT"
      "dev": true,
      "license": "MIT"
      "license": "MIT",
      "license": "MIT",
      "license": "MIT",
      "license": "MIT",
      "license": "MIT",
      "license": "MIT",
      "license": "MIT",
      "license": "MIT",
      "license": "MIT",
      "license": "MIT",
      "license": "MIT",
      "license": "MIT"
      "license": "Python-2.0"
      "license": "MIT",
      "license": "MIT",
      "license": "MIT",
      "license": "MIT",
      "license": "MIT",
      "dev": true,
      "license": "MIT"
      "license": "MIT"
      "license": "BSD-3-Clause",
      "license": "MIT",
      "license": "MIT",
      "license": "MIT",
      "dev": true,
      "license": "MIT"
      "license": "MIT",
      "dev": true,
      "license": "MIT"
      "license": "MIT",
      "license": "MIT",
      "license": "MIT",
      "license": "BSD-2-Clause",
      "dev": true,
      "license": "MIT"
      "license": "ISC",
      "dev": true,
      "license": "MIT"
      "dev": true,
      "license": "MIT"
      "dev": true,
      "license": "MIT"
      "dev": true,
      "license": "MIT"
      "license": "MIT"
      "dev": true,
      "license": "BSD-3-Clause"
      "license": "MIT",
      "license": "MIT"
      "license": "MIT",
      "license": "MIT",
      "license": "MIT"
      "license": "BSD-3-Clause",
      "license": "MIT",
      "license": "MIT",
      "license": "MIT",
      "license": "MIT",
      "dev": true,
      "license": "MIT"
      "license": "MIT",
      "license": "MIT",
      "license": "MIT",
      "license": "0BSD"
      "license": "MIT",
      "license": "MIT",
      "license": "(MIT OR CC0-1.0)",
      "dev": true,
      "license": "MIT"
      "license": "MIT"
      "license": "MIT",
      "license": "BSD-3-Clause"
      "license": "MIT",
      "license": "BSD-2-Clause",
      "license": "MIT",
      "license": "MIT",
      "license": "Apache-2.0"
      "license": "MIT",
      "dev": true,
      "license": "MIT"
      "dev": true,
      "license": "MIT"
      "dev": true,
      "license": "MIT"
      "license": "ISC",
      "license": "MIT",
      "license": "Apache-2.0",
      "license": "MIT"
      "license": "MIT",
      "license": "Apache-2.0",
      "license": "Apache-2.0"
      "license": "Apache-2.0",
      "license": "MIT",
      "license": "Apache-2.0",
      "license": "BSD-3-Clause",
      "license": "MIT",
      "license": "MIT",
      "license": "BSD-2-Clause",
      "license": "MIT",
      "license": "MIT",
      "dev": true,
      "license": "MIT"
      "license": "MIT",
      "license": "ISC",
      "license": "MIT",
      "license": "MIT",
      "license": "MIT",
      "license": "MIT",
      "license": "Apache-2.0",
      "license": "Apache-2.0",
      "license": "MIT",
      "license": "MIT",
      "license": "MIT",
      "license": "ISC",
      "dev": true,
      "license": "ISC"
      "license": "MIT",
      "dev": true,
      "license": "MIT"
      "license": "MIT",
      "license": "MIT",
      "license": "MIT",
      "license": "MIT",
      "license": "MIT",
      "license": "MIT",
      "license": "MIT",
      "license": "MIT",
      "license": "MIT",
      "license": "MIT",
      "license": "MIT",
      "dev": true,
      "license": "ISC"
      "license": "ISC",
      "license": "MIT",
      "license": "MIT"
      "license": "MIT",
      "license": "Apache-2.0",
      "dev": true,
      "license": "MIT"
      "license": "MIT",
      "license": "ISC",
      "dev": true,
      "license": "ISC"
      "license": "MIT",
      "dev": true,
      "license": "MIT"
      "license": "MIT",
      "license": "MIT",
      "license": "ISC",
      "license": "MIT",
      "license": "Unlicense"
